
Microsoft Visual Studio Solution File, Format Version 12.00
# Visual Studio Version 16
VisualStudioVersion = 16.0.30128.74
MinimumVisualStudioVersion = 10.0.40219.1
Project("{FAE04EC0-301F-11D3-BF4B-00C04F79EFBC}") = "HW_Student_StructForm", "HW_Student_StructForm\HW_Student_StructForm.csproj", "{8718D9E4-ACE5-4624-B147-AC078350BC4F}"
EndProject
Global
	GlobalSection(SolutionConfigurationPlatforms) = preSolution
		Debug|Any CPU = Debug|Any CPU
		Release|Any CPU = Release|Any CPU
	EndGlobalSection
	GlobalSection(ProjectConfigurationPlatforms) = postSolution
		{8718D9E4-ACE5-4624-B147-AC078350BC4F}.Debug|Any CPU.ActiveCfg = Debug|Any CPU
		{8718D9E4-ACE5-4624-B147-AC078350BC4F}.Debug|Any CPU.Build.0 = Debug|Any CPU
		{8718D9E4-ACE5-4624-B147-AC078350BC4F}.Release|Any CPU.ActiveCfg = Release|Any CPU
		{8718D9E4-ACE5-4624-B147-AC078350BC4F}.Release|Any CPU.Build.0 = Release|Any CPU
	EndGlobalSection
	GlobalSection(SolutionProperties) = preSolution
		HideSolutionNode = FALSE
	EndGlobalSection
	GlobalSection(ExtensibilityGlobals) = postSolution
		SolutionGuid = {320E36C7-E016-4B07-A8DF-E93435D96945}
	EndGlobalSection
EndGlobal
